
Microsoft Visual Studio Solution File, Format Version 12.00
# Visual Studio Version 16
VisualStudioVersion = 16.0.31321.278
MinimumVisualStudioVersion = 10.0.40219.1
Project("{8BC9CEB8-8B4A-11D0-8D11-00A0C91BC942}") = "Factory_pattern", "Factory_pattern\Factory_pattern.vcxproj", "{936502DF-7BF0-4089-99B4-5AB413E0E36F}"
EndProject
Project("{8BC9CEB8-8B4A-11D0-8D11-00A0C91BC942}") = "Singleton_pattern", "Singleton_pattern\Singleton_pattern.vcxproj", "{EF490329-74EA-4E8E-B9CE-751CFC590260}"
EndProject
Project("{8BC9CEB8-8B4A-11D0-8D11-00A0C91BC942}") = "Abstruct_Factory_pattern", "Abstruct_Factory_pattern\Abstruct_Factory_pattern.vcxproj", "{5BAFB6F8-D81F-4DD1-8820-2503C1D0A3CA}"
EndProject
Project("{8BC9CEB8-8B4A-11D0-8D11-00A0C91BC942}") = "prototype_pattern", "prototype_pattern\prototype_pattern.vcxproj", "{5150C95F-845C-4590-A18C-0DD387EDC13F}"
EndProject
Project("{8BC9CEB8-8B4A-11D0-8D11-00A0C91BC942}") = "builder", "builder\builder.vcxproj", "{0DB20EB6-A953-46DB-BF8E-53884338347F}"
EndProject
Project("{8BC9CEB8-8B4A-11D0-8D11-00A0C91BC942}") = "adapter", "adapter\adapter.vcxproj", "{616E8961-AAD5-4521-B5DB-30D6752319FA}"
EndProject
Project("{8BC9CEB8-8B4A-11D0-8D11-00A0C91BC942}") = "Bridge", "Bridge\Bridge.vcxproj", "{EE7B5885-7100-4694-B334-1846E5CECA6A}"
EndProject
Project("{8BC9CEB8-8B4A-11D0-8D11-00A0C91BC942}") = "Composite", "Composite\Composite.vcxproj", "{C6A58436-CCD1-46CF-B379-70C667464ECC}"
EndProject
Project("{8BC9CEB8-8B4A-11D0-8D11-00A0C91BC942}") = "Decorator", "Decorator\Decorator.vcxproj", "{6B38E386-2022-42F0-858E-70C71A5FC645}"
EndProject
Project("{8BC9CEB8-8B4A-11D0-8D11-00A0C91BC942}") = "Facade", "Facade\Facade.vcxproj", "{1963886E-CFA2-42BC-8351-0B49CE4F19BF}"
EndProject
Project("{8BC9CEB8-8B4A-11D0-8D11-00A0C91BC942}") = "Flyweight", "Flyweight\Flyweight.vcxproj", "{DCF72025-06EB-4737-927B-2CAAFD1BCD58}"
EndProject
Project("{8BC9CEB8-8B4A-11D0-8D11-00A0C91BC942}") = "proxy", "proxy\proxy.vcxproj", "{EC028FC2-0F9C-482D-A323-C308B9371318}"
EndProject
Project("{8BC9CEB8-8B4A-11D0-8D11-00A0C91BC942}") = "ResponsibilityChain", "ResponsibilityChain\ResponsibilityChain.vcxproj", "{1E417BC7-DECE-44D4-9E36-9CBE18D5B416}"
EndProject
Project("{8BC9CEB8-8B4A-11D0-8D11-00A0C91BC942}") = "Command", "Command\Command.vcxproj", "{E06E6787-A756-4431-B2E2-A57280F4656C}"
EndProject
Project("{8BC9CEB8-8B4A-11D0-8D11-00A0C91BC942}") = "Iterator", "Iterator\Iterator.vcxproj", "{DFBAAE29-2AFC-4EFF-AF91-77D4FA62E93F}"
EndProject
Project("{8BC9CEB8-8B4A-11D0-8D11-00A0C91BC942}") = "mediator", "mediator\mediator.vcxproj", "{16852F00-CBCB-4EC2-BDFB-08A80B82CD80}"
EndProject
Project("{8BC9CEB8-8B4A-11D0-8D11-00A0C91BC942}") = "memento", "memento\memento.vcxproj", "{4FA1BA69-5C54-4646-96BD-CC69E39E8E3F}"
EndProject
Project("{8BC9CEB8-8B4A-11D0-8D11-00A0C91BC942}") = "observer", "observer\observer.vcxproj", "{7FF646A9-5F73-427A-83AD-089F1235358A}"
EndProject
Global
	GlobalSection(SolutionConfigurationPlatforms) = preSolution
		Debug|x64 = Debug|x64
		Debug|x86 = Debug|x86
		Release|x64 = Release|x64
		Release|x86 = Release|x86
	EndGlobalSection
	GlobalSection(ProjectConfigurationPlatforms) = postSolution
		{936502DF-7BF0-4089-99B4-5AB413E0E36F}.Debug|x64.ActiveCfg = Debug|x64
		{936502DF-7BF0-4089-99B4-5AB413E0E36F}.Debug|x64.Build.0 = Debug|x64
		{936502DF-7BF0-4089-99B4-5AB413E0E36F}.Debug|x86.ActiveCfg = Debug|Win32
		{936502DF-7BF0-4089-99B4-5AB413E0E36F}.Debug|x86.Build.0 = Debug|Win32
		{936502DF-7BF0-4089-99B4-5AB413E0E36F}.Release|x64.ActiveCfg = Release|x64
		{936502DF-7BF0-4089-99B4-5AB413E0E36F}.Release|x64.Build.0 = Release|x64
		{936502DF-7BF0-4089-99B4-5AB413E0E36F}.Release|x86.ActiveCfg = Release|Win32
		{936502DF-7BF0-4089-99B4-5AB413E0E36F}.Release|x86.Build.0 = Release|Win32
		{EF490329-74EA-4E8E-B9CE-751CFC590260}.Debug|x64.ActiveCfg = Debug|x64
		{EF490329-74EA-4E8E-B9CE-751CFC590260}.Debug|x64.Build.0 = Debug|x64
		{EF490329-74EA-4E8E-B9CE-751CFC590260}.Debug|x86.ActiveCfg = Debug|Win32
		{EF490329-74EA-4E8E-B9CE-751CFC590260}.Debug|x86.Build.0 = Debug|Win32
		{EF490329-74EA-4E8E-B9CE-751CFC590260}.Release|x64.ActiveCfg = Release|x64
		{EF490329-74EA-4E8E-B9CE-751CFC590260}.Release|x64.Build.0 = Release|x64
		{EF490329-74EA-4E8E-B9CE-751CFC590260}.Release|x86.ActiveCfg = Release|Win32
		{EF490329-74EA-4E8E-B9CE-751CFC590260}.Release|x86.Build.0 = Release|Win32
		{5BAFB6F8-D81F-4DD1-8820-2503C1D0A3CA}.Debug|x64.ActiveCfg = Debug|x64
		{5BAFB6F8-D81F-4DD1-8820-2503C1D0A3CA}.Debug|x64.Build.0 = Debug|x64
		{5BAFB6F8-D81F-4DD1-8820-2503C1D0A3CA}.Debug|x86.ActiveCfg = Debug|Win32
		{5BAFB6F8-D81F-4DD1-8820-2503C1D0A3CA}.Debug|x86.Build.0 = Debug|Win32
		{5BAFB6F8-D81F-4DD1-8820-2503C1D0A3CA}.Release|x64.ActiveCfg = Release|x64
		{5BAFB6F8-D81F-4DD1-8820-2503C1D0A3CA}.Release|x64.Build.0 = Release|x64
		{5BAFB6F8-D81F-4DD1-8820-2503C1D0A3CA}.Release|x86.ActiveCfg = Release|Win32
		{5BAFB6F8-D81F-4DD1-8820-2503C1D0A3CA}.Release|x86.Build.0 = Release|Win32
		{5150C95F-845C-4590-A18C-0DD387EDC13F}.Debug|x64.ActiveCfg = Debug|x64
		{5150C95F-845C-4590-A18C-0DD387EDC13F}.Debug|x64.Build.0 = Debug|x64
		{5150C95F-845C-4590-A18C-0DD387EDC13F}.Debug|x86.ActiveCfg = Debug|Win32
		{5150C95F-845C-4590-A18C-0DD387EDC13F}.Debug|x86.Build.0 = Debug|Win32
		{5150C95F-845C-4590-A18C-0DD387EDC13F}.Release|x64.ActiveCfg = Release|x64
		{5150C95F-845C-4590-A18C-0DD387EDC13F}.Release|x64.Build.0 = Release|x64
		{5150C95F-845C-4590-A18C-0DD387EDC13F}.Release|x86.ActiveCfg = Release|Win32
		{5150C95F-845C-4590-A18C-0DD387EDC13F}.Release|x86.Build.0 = Release|Win32
		{0DB20EB6-A953-46DB-BF8E-53884338347F}.Debug|x64.ActiveCfg = Debug|x64
		{0DB20EB6-A953-46DB-BF8E-53884338347F}.Debug|x64.Build.0 = Debug|x64
		{0DB20EB6-A953-46DB-BF8E-53884338347F}.Debug|x86.ActiveCfg = Debug|Win32
		{0DB20EB6-A953-46DB-BF8E-53884338347F}.Debug|x86.Build.0 = Debug|Win32
		{0DB20EB6-A953-46DB-BF8E-53884338347F}.Release|x64.ActiveCfg = Release|x64
		{0DB20EB6-A953-46DB-BF8E-53884338347F}.Release|x64.Build.0 = Release|x64
		{0DB20EB6-A953-46DB-BF8E-53884338347F}.Release|x86.ActiveCfg = Release|Win32
		{0DB20EB6-A953-46DB-BF8E-53884338347F}.Release|x86.Build.0 = Release|Win32
		{616E8961-AAD5-4521-B5DB-30D6752319FA}.Debug|x64.ActiveCfg = Debug|x64
		{616E8961-AAD5-4521-B5DB-30D6752319FA}.Debug|x64.Build.0 = Debug|x64
		{616E8961-AAD5-4521-B5DB-30D6752319FA}.Debug|x86.ActiveCfg = Debug|Win32
		{616E8961-AAD5-4521-B5DB-30D6752319FA}.Debug|x86.Build.0 = Debug|Win32
		{616E8961-AAD5-4521-B5DB-30D6752319FA}.Release|x64.ActiveCfg = Release|x64
		{616E8961-AAD5-4521-B5DB-30D6752319FA}.Release|x64.Build.0 = Release|x64
		{616E8961-AAD5-4521-B5DB-30D6752319FA}.Release|x86.ActiveCfg = Release|Win32
		{616E8961-AAD5-4521-B5DB-30D6752319FA}.Release|x86.Build.0 = Release|Win32
		{EE7B5885-7100-4694-B334-1846E5CECA6A}.Debug|x64.ActiveCfg = Debug|x64
		{EE7B5885-7100-4694-B334-1846E5CECA6A}.Debug|x64.Build.0 = Debug|x64
		{EE7B5885-7100-4694-B334-1846E5CECA6A}.Debug|x86.ActiveCfg = Debug|Win32
		{EE7B5885-7100-4694-B334-1846E5CECA6A}.Debug|x86.Build.0 = Debug|Win32
		{EE7B5885-7100-4694-B334-1846E5CECA6A}.Release|x64.ActiveCfg = Release|x64
		{EE7B5885-7100-4694-B334-1846E5CECA6A}.Release|x64.Build.0 = Release|x64
		{EE7B5885-7100-4694-B334-1846E5CECA6A}.Release|x86.ActiveCfg = Release|Win32
		{EE7B5885-7100-4694-B334-1846E5CECA6A}.Release|x86.Build.0 = Release|Win32
		{C6A58436-CCD1-46CF-B379-70C667464ECC}.Debug|x64.ActiveCfg = Debug|x64
		{C6A58436-CCD1-46CF-B379-70C667464ECC}.Debug|x64.Build.0 = Debug|x64
		{C6A58436-CCD1-46CF-B379-70C667464ECC}.Debug|x86.ActiveCfg = Debug|Win32
		{C6A58436-CCD1-46CF-B379-70C667464ECC}.Debug|x86.Build.0 = Debug|Win32
		{C6A58436-CCD1-46CF-B379-70C667464ECC}.Release|x64.ActiveCfg = Release|x64
		{C6A58436-CCD1-46CF-B379-70C667464ECC}.Release|x64.Build.0 = Release|x64
		{C6A58436-CCD1-46CF-B379-70C667464ECC}.Release|x86.ActiveCfg = Release|Win32
		{C6A58436-CCD1-46CF-B379-70C667464ECC}.Release|x86.Build.0 = Release|Win32
		{6B38E386-2022-42F0-858E-70C71A5FC645}.Debug|x64.ActiveCfg = Debug|x64
		{6B38E386-2022-42F0-858E-70C71A5FC645}.Debug|x64.Build.0 = Debug|x64
		{6B38E386-2022-42F0-858E-70C71A5FC645}.Debug|x86.ActiveCfg = Debug|Win32
		{6B38E386-2022-42F0-858E-70C71A5FC645}.Debug|x86.Build.0 = Debug|Win32
		{6B38E386-2022-42F0-858E-70C71A5FC645}.Release|x64.ActiveCfg = Release|x64
		{6B38E386-2022-42F0-858E-70C71A5FC645}.Release|x64.Build.0 = Release|x64
		{6B38E386-2022-42F0-858E-70C71A5FC645}.Release|x86.ActiveCfg = Release|Win32
		{6B38E386-2022-42F0-858E-70C71A5FC645}.Release|x86.Build.0 = Release|Win32
		{1963886E-CFA2-42BC-8351-0B49CE4F19BF}.Debug|x64.ActiveCfg = Debug|x64
		{1963886E-CFA2-42BC-8351-0B49CE4F19BF}.Debug|x64.Build.0 = Debug|x64
		{1963886E-CFA2-42BC-8351-0B49CE4F19BF}.Debug|x86.ActiveCfg = Debug|Win32
		{1963886E-CFA2-42BC-8351-0B49CE4F19BF}.Debug|x86.Build.0 = Debug|Win32
		{1963886E-CFA2-42BC-8351-0B49CE4F19BF}.Release|x64.ActiveCfg = Release|x64
		{1963886E-CFA2-42BC-8351-0B49CE4F19BF}.Release|x64.Build.0 = Release|x64
		{1963886E-CFA2-42BC-8351-0B49CE4F19BF}.Release|x86.ActiveCfg = Release|Win32
		{1963886E-CFA2-42BC-8351-0B49CE4F19BF}.Release|x86.Build.0 = Release|Win32
		{DCF72025-06EB-4737-927B-2CAAFD1BCD58}.Debug|x64.ActiveCfg = Debug|x64
		{DCF72025-06EB-4737-927B-2CAAFD1BCD58}.Debug|x64.Build.0 = Debug|x64
		{DCF72025-06EB-4737-927B-2CAAFD1BCD58}.Debug|x86.ActiveCfg = Debug|Win32
		{DCF72025-06EB-4737-927B-2CAAFD1BCD58}.Debug|x86.Build.0 = Debug|Win32
		{DCF72025-06EB-4737-927B-2CAAFD1BCD58}.Release|x64.ActiveCfg = Release|x64
		{DCF72025-06EB-4737-927B-2CAAFD1BCD58}.Release|x64.Build.0 = Release|x64
		{DCF72025-06EB-4737-927B-2CAAFD1BCD58}.Release|x86.ActiveCfg = Release|Win32
		{DCF72025-06EB-4737-927B-2CAAFD1BCD58}.Release|x86.Build.0 = Release|Win32
		{EC028FC2-0F9C-482D-A323-C308B9371318}.Debug|x64.ActiveCfg = Debug|x64
		{EC028FC2-0F9C-482D-A323-C308B9371318}.Debug|x64.Build.0 = Debug|x64
		{EC028FC2-0F9C-482D-A323-C308B9371318}.Debug|x86.ActiveCfg = Debug|Win32
		{EC028FC2-0F9C-482D-A323-C308B9371318}.Debug|x86.Build.0 = Debug|Win32
		{EC028FC2-0F9C-482D-A323-C308B9371318}.Release|x64.ActiveCfg = Release|x64
		{EC028FC2-0F9C-482D-A323-C308B9371318}.Release|x64.Build.0 = Release|x64
		{EC028FC2-0F9C-482D-A323-C308B9371318}.Release|x86.ActiveCfg = Release|Win32
		{EC028FC2-0F9C-482D-A323-C308B9371318}.Release|x86.Build.0 = Release|Win32
		{1E417BC7-DECE-44D4-9E36-9CBE18D5B416}.Debug|x64.ActiveCfg = Debug|x64
		{1E417BC7-DECE-44D4-9E36-9CBE18D5B416}.Debug|x64.Build.0 = Debug|x64
		{1E417BC7-DECE-44D4-9E36-9CBE18D5B416}.Debug|x86.ActiveCfg = Debug|Win32
		{1E417BC7-DECE-44D4-9E36-9CBE18D5B416}.Debug|x86.Build.0 = Debug|Win32
		{1E417BC7-DECE-44D4-9E36-9CBE18D5B416}.Release|x64.ActiveCfg = Release|x64
		{1E417BC7-DECE-44D4-9E36-9CBE18D5B416}.Release|x64.Build.0 = Release|x64
		{1E417BC7-DECE-44D4-9E36-9CBE18D5B416}.Release|x86.ActiveCfg = Release|Win32
		{1E417BC7-DECE-44D4-9E36-9CBE18D5B416}.Release|x86.Build.0 = Release|Win32
		{E06E6787-A756-4431-B2E2-A57280F4656C}.Debug|x64.ActiveCfg = Debug|x64
		{E06E6787-A756-4431-B2E2-A57280F4656C}.Debug|x64.Build.0 = Debug|x64
		{E06E6787-A756-4431-B2E2-A57280F4656C}.Debug|x86.ActiveCfg = Debug|Win32
		{E06E6787-A756-4431-B2E2-A57280F4656C}.Debug|x86.Build.0 = Debug|Win32
		{E06E6787-A756-4431-B2E2-A57280F4656C}.Release|x64.ActiveCfg = Release|x64
		{E06E6787-A756-4431-B2E2-A57280F4656C}.Release|x64.Build.0 = Release|x64
		{E06E6787-A756-4431-B2E2-A57280F4656C}.Release|x86.ActiveCfg = Release|Win32
		{E06E6787-A756-4431-B2E2-A57280F4656C}.Release|x86.Build.0 = Release|Win32
		{DFBAAE29-2AFC-4EFF-AF91-77D4FA62E93F}.Debug|x64.ActiveCfg = Debug|x64
		{DFBAAE29-2AFC-4EFF-AF91-77D4FA62E93F}.Debug|x64.Build.0 = Debug|x64
		{DFBAAE29-2AFC-4EFF-AF91-77D4FA62E93F}.Debug|x86.ActiveCfg = Debug|Win32
		{DFBAAE29-2AFC-4EFF-AF91-77D4FA62E93F}.Debug|x86.Build.0 = Debug|Win32
		{DFBAAE29-2AFC-4EFF-AF91-77D4FA62E93F}.Release|x64.ActiveCfg = Release|x64
		{DFBAAE29-2AFC-4EFF-AF91-77D4FA62E93F}.Release|x64.Build.0 = Release|x64
		{DFBAAE29-2AFC-4EFF-AF91-77D4FA62E93F}.Release|x86.ActiveCfg = Release|Win32
		{DFBAAE29-2AFC-4EFF-AF91-77D4FA62E93F}.Release|x86.Build.0 = Release|Win32
		{16852F00-CBCB-4EC2-BDFB-08A80B82CD80}.Debug|x64.ActiveCfg = Debug|x64
		{16852F00-CBCB-4EC2-BDFB-08A80B82CD80}.Debug|x64.Build.0 = Debug|x64
		{16852F00-CBCB-4EC2-BDFB-08A80B82CD80}.Debug|x86.ActiveCfg = Debug|Win32
		{16852F00-CBCB-4EC2-BDFB-08A80B82CD80}.Debug|x86.Build.0 = Debug|Win32
		{16852F00-CBCB-4EC2-BDFB-08A80B82CD80}.Release|x64.ActiveCfg = Release|x64
		{16852F00-CBCB-4EC2-BDFB-08A80B82CD80}.Release|x64.Build.0 = Release|x64
		{16852F00-CBCB-4EC2-BDFB-08A80B82CD80}.Release|x86.ActiveCfg = Release|Win32
		{16852F00-CBCB-4EC2-BDFB-08A80B82CD80}.Release|x86.Build.0 = Release|Win32
		{4FA1BA69-5C54-4646-96BD-CC69E39E8E3F}.Debug|x64.ActiveCfg = Debug|x64
		{4FA1BA69-5C54-4646-96BD-CC69E39E8E3F}.Debug|x64.Build.0 = Debug|x64
		{4FA1BA69-5C54-4646-96BD-CC69E39E8E3F}.Debug|x86.ActiveCfg = Debug|Win32
		{4FA1BA69-5C54-4646-96BD-CC69E39E8E3F}.Debug|x86.Build.0 = Debug|Win32
		{4FA1BA69-5C54-4646-96BD-CC69E39E8E3F}.Release|x64.ActiveCfg = Release|x64
		{4FA1BA69-5C54-4646-96BD-CC69E39E8E3F}.Release|x64.Build.0 = Release|x64
		{4FA1BA69-5C54-4646-96BD-CC69E39E8E3F}.Release|x86.ActiveCfg = Release|Win32
		{4FA1BA69-5C54-4646-96BD-CC69E39E8E3F}.Release|x86.Build.0 = Release|Win32
		{7FF646A9-5F73-427A-83AD-089F1235358A}.Debug|x64.ActiveCfg = Debug|x64
		{7FF646A9-5F73-427A-83AD-089F1235358A}.Debug|x64.Build.0 = Debug|x64
		{7FF646A9-5F73-427A-83AD-089F1235358A}.Debug|x86.ActiveCfg = Debug|Win32
		{7FF646A9-5F73-427A-83AD-089F1235358A}.Debug|x86.Build.0 = Debug|Win32
		{7FF646A9-5F73-427A-83AD-089F1235358A}.Release|x64.ActiveCfg = Release|x64
		{7FF646A9-5F73-427A-83AD-089F1235358A}.Release|x64.Build.0 = Release|x64
		{7FF646A9-5F73-427A-83AD-089F1235358A}.Release|x86.ActiveCfg = Release|Win32
		{7FF646A9-5F73-427A-83AD-089F1235358A}.Release|x86.Build.0 = Release|Win32
	EndGlobalSection
	GlobalSection(SolutionProperties) = preSolution
		HideSolutionNode = FALSE
	EndGlobalSection
	GlobalSection(ExtensibilityGlobals) = postSolution
		SolutionGuid = {DC1190A0-2881-4503-9BBF-367B299D5AB0}
	EndGlobalSection
EndGlobal
